
Microsoft Visual Studio Solution File, Format Version 12.00
# Visual Studio Version 17
VisualStudioVersion = 17.0.31512.422
MinimumVisualStudioVersion = 10.0.40219.1
Project("{888888A0-9F3D-457C-B088-3A5042F75D52}") = "BlackScholes", "BlackScholes\BlackScholes.pyproj", "{294F099B-1E16-404A-9F8A-1363FBA79C95}"
EndProject
Global
	GlobalSection(SolutionConfigurationPlatforms) = preSolution
		Debug|Any CPU = Debug|Any CPU
		Release|Any CPU = Release|Any CPU
	EndGlobalSection
	GlobalSection(ProjectConfigurationPlatforms) = postSolution
		{294F099B-1E16-404A-9F8A-1363FBA79C95}.Debug|Any CPU.ActiveCfg = Debug|Any CPU
		{294F099B-1E16-404A-9F8A-1363FBA79C95}.Release|Any CPU.ActiveCfg = Release|Any CPU
	EndGlobalSection
	GlobalSection(SolutionProperties) = preSolution
		HideSolutionNode = FALSE
	EndGlobalSection
	GlobalSection(ExtensibilityGlobals) = postSolution
		SolutionGuid = {EADEC752-9F34-476E-8843-67A6926D1088}
	EndGlobalSection
EndGlobal
